
Microsoft Visual Studio Solution File, Format Version 12.00
# Visual Studio Version 16
VisualStudioVersion = 16.0.30204.135
MinimumVisualStudioVersion = 10.0.40219.1
Project("{FAE04EC0-301F-11D3-BF4B-00C04F79EFBC}") = "Урок 1 ДЗ 1 Задача 1", "ДЗ 1\Урок 1 ДЗ 1 Задача 1.csproj", "{1BA98DB1-BE11-433D-A90C-5CE095CE809F}"
EndProject
Project("{FAE04EC0-301F-11D3-BF4B-00C04F79EFBC}") = "Урок 1 ДЗ 1 Задача 2", "Урок 1 ДЗ 1 задача 2\Урок 1 ДЗ 1 Задача 2.csproj", "{41FDB86F-0E15-4B49-ADF5-9BCEF5A7B4B4}"
EndProject
Project("{FAE04EC0-301F-11D3-BF4B-00C04F79EFBC}") = "Урок 1 ДЗ 1 Задача 3", "Урок 1 ДЗ 1 Задача 3\Урок 1 ДЗ 1 Задача 3.csproj", "{102F1DB7-79C7-42E7-9CA5-561B66920920}"
EndProject
Project("{FAE04EC0-301F-11D3-BF4B-00C04F79EFBC}") = "Урок 1 ДЗ 1 Задача 4", "Урок1 ДЗ 1 Задача 4\Урок 1 ДЗ 1 Задача 4.csproj", "{75D07B61-7D89-4E7E-A88E-4D7ED2F064A9}"
EndProject
Project("{FAE04EC0-301F-11D3-BF4B-00C04F79EFBC}") = "Урок 1 ДЗ 1 Задача 5", "Урок 1 ДЗ 1 Задача 5\Урок 1 ДЗ 1 Задача 5.csproj", "{6F3A838C-CBB1-415A-BBB8-079FE07EA091}"
EndProject
Global
	GlobalSection(SolutionConfigurationPlatforms) = preSolution
		Debug|Any CPU = Debug|Any CPU
		Release|Any CPU = Release|Any CPU
	EndGlobalSection
	GlobalSection(ProjectConfigurationPlatforms) = postSolution
		{1BA98DB1-BE11-433D-A90C-5CE095CE809F}.Debug|Any CPU.ActiveCfg = Debug|Any CPU
		{1BA98DB1-BE11-433D-A90C-5CE095CE809F}.Debug|Any CPU.Build.0 = Debug|Any CPU
		{1BA98DB1-BE11-433D-A90C-5CE095CE809F}.Release|Any CPU.ActiveCfg = Release|Any CPU
		{1BA98DB1-BE11-433D-A90C-5CE095CE809F}.Release|Any CPU.Build.0 = Release|Any CPU
		{41FDB86F-0E15-4B49-ADF5-9BCEF5A7B4B4}.Debug|Any CPU.ActiveCfg = Debug|Any CPU
		{41FDB86F-0E15-4B49-ADF5-9BCEF5A7B4B4}.Debug|Any CPU.Build.0 = Debug|Any CPU
		{41FDB86F-0E15-4B49-ADF5-9BCEF5A7B4B4}.Release|Any CPU.ActiveCfg = Release|Any CPU
		{41FDB86F-0E15-4B49-ADF5-9BCEF5A7B4B4}.Release|Any CPU.Build.0 = Release|Any CPU
		{102F1DB7-79C7-42E7-9CA5-561B66920920}.Debug|Any CPU.ActiveCfg = Debug|Any CPU
		{102F1DB7-79C7-42E7-9CA5-561B66920920}.Debug|Any CPU.Build.0 = Debug|Any CPU
		{102F1DB7-79C7-42E7-9CA5-561B66920920}.Release|Any CPU.ActiveCfg = Release|Any CPU
		{102F1DB7-79C7-42E7-9CA5-561B66920920}.Release|Any CPU.Build.0 = Release|Any CPU
		{75D07B61-7D89-4E7E-A88E-4D7ED2F064A9}.Debug|Any CPU.ActiveCfg = Debug|Any CPU
		{75D07B61-7D89-4E7E-A88E-4D7ED2F064A9}.Debug|Any CPU.Build.0 = Debug|Any CPU
		{75D07B61-7D89-4E7E-A88E-4D7ED2F064A9}.Release|Any CPU.ActiveCfg = Release|Any CPU
		{75D07B61-7D89-4E7E-A88E-4D7ED2F064A9}.Release|Any CPU.Build.0 = Release|Any CPU
		{6F3A838C-CBB1-415A-BBB8-079FE07EA091}.Debug|Any CPU.ActiveCfg = Debug|Any CPU
		{6F3A838C-CBB1-415A-BBB8-079FE07EA091}.Debug|Any CPU.Build.0 = Debug|Any CPU
		{6F3A838C-CBB1-415A-BBB8-079FE07EA091}.Release|Any CPU.ActiveCfg = Release|Any CPU
		{6F3A838C-CBB1-415A-BBB8-079FE07EA091}.Release|Any CPU.Build.0 = Release|Any CPU
	EndGlobalSection
	GlobalSection(SolutionProperties) = preSolution
		HideSolutionNode = FALSE
	EndGlobalSection
	GlobalSection(ExtensibilityGlobals) = postSolution
		SolutionGuid = {884BD41A-1529-4EDF-8B9F-979851DA1B16}
	EndGlobalSection
EndGlobal
