
Microsoft Visual Studio Solution File, Format Version 12.00
# Visual Studio Version 16
VisualStudioVersion = 16.0.30204.135
MinimumVisualStudioVersion = 10.0.40219.1
Project("{FAE04EC0-301F-11D3-BF4B-00C04F79EFBC}") = "ДЗ 2", "ДЗ 2\ДЗ 2.csproj", "{FBFD9186-3FC2-4DA9-A171-71D41D2114F9}"
EndProject
Global
	GlobalSection(SolutionConfigurationPlatforms) = preSolution
		Debug|Any CPU = Debug|Any CPU
		Release|Any CPU = Release|Any CPU
	EndGlobalSection
	GlobalSection(ProjectConfigurationPlatforms) = postSolution
		{FBFD9186-3FC2-4DA9-A171-71D41D2114F9}.Debug|Any CPU.ActiveCfg = Debug|Any CPU
		{FBFD9186-3FC2-4DA9-A171-71D41D2114F9}.Debug|Any CPU.Build.0 = Debug|Any CPU
		{FBFD9186-3FC2-4DA9-A171-71D41D2114F9}.Release|Any CPU.ActiveCfg = Release|Any CPU
		{FBFD9186-3FC2-4DA9-A171-71D41D2114F9}.Release|Any CPU.Build.0 = Release|Any CPU
	EndGlobalSection
	GlobalSection(SolutionProperties) = preSolution
		HideSolutionNode = FALSE
	EndGlobalSection
	GlobalSection(ExtensibilityGlobals) = postSolution
		SolutionGuid = {2EAE424F-239B-4B4C-B5E2-E22FFCAECCE2}
	EndGlobalSection
EndGlobal
